
Microsoft Visual Studio Solution File, Format Version 12.00
# Visual Studio Version 17
VisualStudioVersion = 17.4.33213.308
MinimumVisualStudioVersion = 10.0.40219.1
Project("{FAE04EC0-301F-11D3-BF4B-00C04F79EFBC}") = "Week4EntityFramework", "Week4EntityFramework\Week4EntityFramework.csproj", "{DD4338B2-5AE3-45AA-A324-D4C44078616D}"
EndProject
Global
	GlobalSection(SolutionConfigurationPlatforms) = preSolution
		Debug|Any CPU = Debug|Any CPU
		Release|Any CPU = Release|Any CPU
	EndGlobalSection
	GlobalSection(ProjectConfigurationPlatforms) = postSolution
		{DD4338B2-5AE3-45AA-A324-D4C44078616D}.Debug|Any CPU.ActiveCfg = Debug|Any CPU
		{DD4338B2-5AE3-45AA-A324-D4C44078616D}.Debug|Any CPU.Build.0 = Debug|Any CPU
		{DD4338B2-5AE3-45AA-A324-D4C44078616D}.Release|Any CPU.ActiveCfg = Release|Any CPU
		{DD4338B2-5AE3-45AA-A324-D4C44078616D}.Release|Any CPU.Build.0 = Release|Any CPU
	EndGlobalSection
	GlobalSection(SolutionProperties) = preSolution
		HideSolutionNode = FALSE
	EndGlobalSection
	GlobalSection(ExtensibilityGlobals) = postSolution
		SolutionGuid = {F69515D6-6165-458A-B551-B4DBE22F5DBB}
	EndGlobalSection
EndGlobal
